{
  "projects": [
    {
      "projectId": "2zRvKQ8amGcEx1ePi9rEYj",
      "version": "latest",
      "dependencies": {},
      "lang": "ts",
      "fileLocks": [
        {
          "type": "globalVariant",
          "assetId": "dDKTz_4I3sm",
          "checksum": "c57585d083c4efb0f704632775527350"
        },
        {
          "type": "renderModule",
          "assetId": "FJjty3vjLw",
          "checksum": "808b96f3fb0d5f109e21c4ac5f535db3"
        },
        {
          "type": "cssRules",
          "assetId": "FJjty3vjLw",
          "checksum": "808b96f3fb0d5f109e21c4ac5f535db3"
        },
        {
          "type": "renderModule",
          "assetId": "rwLMYuTNcvI",
          "checksum": "826daa84529c96710eb6f16ce29c9173"
        },
        {
          "type": "cssRules",
          "assetId": "rwLMYuTNcvI",
          "checksum": "826daa84529c96710eb6f16ce29c9173"
        },
        {
          "type": "renderModule",
          "assetId": "giex4on_Lm",
          "checksum": "20d76fe53bd94f29667146d8f1a2c696"
        },
        {
          "type": "cssRules",
          "assetId": "giex4on_Lm",
          "checksum": "20d76fe53bd94f29667146d8f1a2c696"
        },
        {
          "type": "renderModule",
          "assetId": "mcJp7ONmJp",
          "checksum": "84bab2c5ccf257318a4b758536e53b33"
        },
        {
          "type": "cssRules",
          "assetId": "mcJp7ONmJp",
          "checksum": "84bab2c5ccf257318a4b758536e53b33"
        },
        {
          "type": "renderModule",
          "assetId": "nnw_KyxfdT",
          "checksum": "39dee0921365385bd958939eb1f50b81"
        },
        {
          "type": "cssRules",
          "assetId": "nnw_KyxfdT",
          "checksum": "39dee0921365385bd958939eb1f50b81"
        },
        {
          "type": "renderModule",
          "assetId": "P0VZZmyR4j",
          "checksum": "3020b90e4f41183d7a8cf6ae1822e2ca"
        },
        {
          "type": "cssRules",
          "assetId": "P0VZZmyR4j",
          "checksum": "3020b90e4f41183d7a8cf6ae1822e2ca"
        },
        {
          "type": "renderModule",
          "assetId": "uB-_kQ49w8",
          "checksum": "b1397e650b8dd64cc3de19634eb4e6c5"
        },
        {
          "type": "cssRules",
          "assetId": "uB-_kQ49w8",
          "checksum": "b1397e650b8dd64cc3de19634eb4e6c5"
        },
        {
          "type": "renderModule",
          "assetId": "YihdW5fuU6",
          "checksum": "0c1bee1a3c62bb7e3ce7264c410d4f6c"
        },
        {
          "type": "cssRules",
          "assetId": "YihdW5fuU6",
          "checksum": "0c1bee1a3c62bb7e3ce7264c410d4f6c"
        },
        {
          "type": "renderModule",
          "assetId": "109-CL6gPy",
          "checksum": "4dac2db5b41c1cee0367fd9abc72ca62"
        },
        {
          "type": "cssRules",
          "assetId": "109-CL6gPy",
          "checksum": "4dac2db5b41c1cee0367fd9abc72ca62"
        },
        {
          "type": "renderModule",
          "assetId": "1mCYak1j0G",
          "checksum": "901d7a77e340330e121c357e63f76dce"
        },
        {
          "type": "cssRules",
          "assetId": "1mCYak1j0G",
          "checksum": "901d7a77e340330e121c357e63f76dce"
        },
        {
          "type": "icon",
          "assetId": "Zyw8HV06ANi",
          "checksum": "3db21e09992e2ddaff7a3a89be9b2eed"
        },
        {
          "type": "icon",
          "assetId": "9pW6fHkEa1F",
          "checksum": "840a5a3e48c504945fcbe71d05803e9b"
        },
        {
          "type": "icon",
          "assetId": "2BiNO6779YG",
          "checksum": "f4c1665b2aef02af03d51ec3e8558b71"
        },
        {
          "type": "icon",
          "assetId": "V3VOpW4RpQ6",
          "checksum": "811e4b8588c47b59ecba9a2898cbf4c0"
        },
        {
          "type": "icon",
          "assetId": "t2N9abgeTEt",
          "checksum": "2a3a49c5252f79d01118492e0718e9d1"
        },
        {
          "type": "icon",
          "assetId": "EHn0gsU2bpJ",
          "checksum": "8c68e8c244141f7a6e671cd74c23ca1e"
        },
        {
          "type": "icon",
          "assetId": "q47BNl2pHMP",
          "checksum": "6d2cffc874ea7c2a815ad11f8ff134b7"
        },
        {
          "type": "icon",
          "assetId": "3NAcUo2xTXy",
          "checksum": "a3ff4eead1cc45770691281e8963e1e2"
        },
        {
          "type": "icon",
          "assetId": "22CPV_NHGug",
          "checksum": "de32aafc33adcef6e45c68eaf13cc8a9"
        },
        {
          "type": "icon",
          "assetId": "dr8K4td278k",
          "checksum": "f66ab3238967d90466fe3404f6970206"
        },
        {
          "type": "icon",
          "assetId": "uWNGYTyXWIo",
          "checksum": "0757cf5ca2afe932f65456c6b402f90b"
        },
        {
          "type": "icon",
          "assetId": "LokgZOR17Qs",
          "checksum": "1f0a744300980d6f60c5f2e788d75021"
        },
        {
          "type": "icon",
          "assetId": "KsJVMyrFhUwO",
          "checksum": "a3672709d68ffce12b0e157d4801f708"
        },
        {
          "type": "icon",
          "assetId": "9cxPjutectLY",
          "checksum": "a220a4368ce874555ae91af1c3318b82"
        },
        {
          "type": "icon",
          "assetId": "jgkYVFmTX0k5",
          "checksum": "d1b6513dbe421c6b9ec301cacbf258f2"
        },
        {
          "type": "icon",
          "assetId": "q-B55Jz-ikzi",
          "checksum": "8790b6ed907ff60b4689dba40e3e455c"
        },
        {
          "type": "icon",
          "assetId": "vxdb0Kh_Gb",
          "checksum": "b883192bb3d2fad2bc11f11bcefa3095"
        },
        {
          "type": "icon",
          "assetId": "tXf__JSEaI",
          "checksum": "d5ac3ca19808eb882c46ddeea4e0e1f7"
        },
        {
          "type": "icon",
          "assetId": "pRjLWBwGGHY",
          "checksum": "0e4bd11797b4d534bc06b87c8ffba366"
        },
        {
          "type": "icon",
          "assetId": "zPjSUWbIRQf",
          "checksum": "4ebec48403101f72aff0985c56b40026"
        },
        {
          "type": "icon",
          "assetId": "WfhCAK0v-AX",
          "checksum": "c956c5387d503df7dc4b8791aae037d1"
        },
        {
          "type": "icon",
          "assetId": "F0QCtJOEPL3",
          "checksum": "e2df0d7eba1a7060480d4abef114e142"
        },
        {
          "type": "icon",
          "assetId": "D_WwBZK_3B",
          "checksum": "994890500fbd27b129e290d845bf895b"
        },
        {
          "type": "icon",
          "assetId": "4N1OAASE6f",
          "checksum": "34c66b413c475934830641d78e034ebf"
        },
        {
          "type": "icon",
          "assetId": "xgz7RwZ25i",
          "checksum": "0501c94d77ca9adf3e9980ad4c9ede14"
        },
        {
          "type": "icon",
          "assetId": "BiFyenkeXhG",
          "checksum": "be68d44b1c7a437428531aa64e94f9b5"
        },
        {
          "type": "image",
          "assetId": "c4Syft2IR",
          "checksum": "7671c8bef18fcb640d70c93f708893f7"
        },
        {
          "type": "image",
          "assetId": "n2nwY1010v",
          "checksum": "0a9c511060dcc897ce811fe40c40c4a1"
        },
        {
          "type": "image",
          "assetId": "J4argXMBC1",
          "checksum": "dbdc64c52d0bfd230c664e1ab31eb15e"
        },
        {
          "type": "image",
          "assetId": "4-VRDtiOUA",
          "checksum": "5dcedcf0401ceb63b2930a24607a85b4"
        },
        {
          "type": "image",
          "assetId": "0wKo7RwYJO",
          "checksum": "32ef177d278c2149094dc20c5b110871"
        },
        {
          "type": "image",
          "assetId": "hsFhVzKICA",
          "checksum": "e1077755505f8642e5adf4033e3fa142"
        },
        {
          "type": "image",
          "assetId": "201pklf84f",
          "checksum": "49e551d6aa04c3b2c8051304fde5dace"
        },
        {
          "type": "image",
          "assetId": "vtj_aC-RwN",
          "checksum": "17fc81ce4ed4692be542070d3d7ae75f"
        },
        {
          "type": "image",
          "assetId": "-YfRlIO4Ro",
          "checksum": "1ac5f643ac50a046bad89bcfe7e4555b"
        },
        {
          "type": "image",
          "assetId": "uYIE1UQU92",
          "checksum": "ac19dde8d5f067aa3072f0c07fcf099b"
        },
        {
          "type": "image",
          "assetId": "6wjYnXTmLP",
          "checksum": "5a5ba21bd86a8e228e48a7a925587613"
        },
        {
          "type": "image",
          "assetId": "C_gH1nUarN-",
          "checksum": "25daff845aae040c0cea8cdea4818eb2"
        },
        {
          "type": "image",
          "assetId": "HLnkdgsNKtW",
          "checksum": "52e20cb8fe9341c825cb2d9a9188262b"
        },
        {
          "type": "image",
          "assetId": "yCs-1kHmyz",
          "checksum": "8c7ce59440dd58c024e929dbc942c504"
        },
        {
          "type": "image",
          "assetId": "7V6oYCtQIa",
          "checksum": "9fe4a5620ec4f84f316cb0e998410716"
        },
        {
          "type": "image",
          "assetId": "r9dl5vFb9h1",
          "checksum": "9ce2a956fae3ac6d392626970cf92ba1"
        },
        {
          "type": "image",
          "assetId": "E-eecqXCifV",
          "checksum": "4b7efcd827346fd2c7d55905b47df2c0"
        },
        {
          "type": "image",
          "assetId": "1omiAckPEAx",
          "checksum": "72e0320e8e69729cb6a1ca059dfbcf8b"
        },
        {
          "type": "image",
          "assetId": "eMI4VJ9b2bV",
          "checksum": "917be70c5f2bc0c4dd27949a70bf8463"
        },
        {
          "type": "image",
          "assetId": "K0Myti8qNTB",
          "checksum": "0dbb3d48d4275027e1a4653d41e39533"
        },
        {
          "type": "image",
          "assetId": "gi7UOrwQqn",
          "checksum": "5c5b51d2cb6044614791d245d4db61ce"
        },
        {
          "type": "image",
          "assetId": "4CxZlWkMlc",
          "checksum": "cf062577eb6020d8c8d29276efb27bca"
        },
        {
          "type": "image",
          "assetId": "qvPVvOL8O",
          "checksum": "adb8958ea064b02edffb8d5ea73addb7"
        },
        {
          "type": "image",
          "assetId": "wAO3WJFN_N",
          "checksum": "0398f0dd70c01c9b12cb7ab59e0ac2dc"
        },
        {
          "type": "image",
          "assetId": "sqv8yhEIv7",
          "checksum": "7eb53fbe5beea6273b1f863354d3711b"
        },
        {
          "type": "image",
          "assetId": "fXrE1S3kgq",
          "checksum": "df62b8c993bd882776891e397917403c"
        },
        {
          "type": "image",
          "assetId": "RfZR3ybsuR",
          "checksum": "c533b2919f6ae795ff9b9729a5fb70eb"
        },
        {
          "type": "image",
          "assetId": "jjIs-E5J0e",
          "checksum": "75e364bf074409c3997be97504f14b26"
        },
        {
          "type": "image",
          "assetId": "aiKqUERVMf",
          "checksum": "7700587b84d4b8fa7561f654829c72a6"
        },
        {
          "type": "image",
          "assetId": "QcbAwwfPML",
          "checksum": "b1cae36145d7214626896edd4b291760"
        },
        {
          "type": "image",
          "assetId": "hnKnQErtMd",
          "checksum": "7e59ff661c2a02137a311e3f9ab55ab6"
        },
        {
          "type": "image",
          "assetId": "qId1AXyi2m",
          "checksum": "18e4e4cfb53280515b39502a6cae5334"
        },
        {
          "type": "image",
          "assetId": "IfOXLG4LO9",
          "checksum": "046f0520a262a9f9fc427ccb00626609"
        },
        {
          "type": "image",
          "assetId": "lRmno-24GC",
          "checksum": "875216c8c539c72c109433b3fc1eb8d8"
        },
        {
          "type": "image",
          "assetId": "jsoOPnVQH2",
          "checksum": "7977b12cddd2de9333cd84514ec60baf"
        },
        {
          "type": "image",
          "assetId": "6aVKcFmHwi",
          "checksum": "a1fec00fefa6f778bf585b867bb7d9cb"
        },
        {
          "type": "image",
          "assetId": "hYfvz38kD2",
          "checksum": "024607645001d59dba0fc43673b7eaa3"
        },
        {
          "type": "image",
          "assetId": "z4YjddPqO_",
          "checksum": "33bb7bb8345a2754e181c78ce94a0614"
        },
        {
          "type": "image",
          "assetId": "AuslbrRhEIy",
          "checksum": "ba3ada17d392c6eb77efe3e4761f6b69"
        },
        {
          "type": "image",
          "assetId": "aa8GXkcTA",
          "checksum": "da1e7d9caf8b5550bbe6ee835d69cd54"
        },
        {
          "type": "image",
          "assetId": "Z71iR8kOJx",
          "checksum": "d70c8e2280aa0bb645ba6f1e08464cea"
        },
        {
          "type": "image",
          "assetId": "AA6MxgOcrz",
          "checksum": "acfe6424934dc8b412b272b572b54fbf"
        },
        {
          "type": "image",
          "assetId": "Zls66OmRkab",
          "checksum": "b4ff03b7344b38bfd8759ff5b657e8b4"
        },
        {
          "type": "image",
          "assetId": "SHRUuzYYhev",
          "checksum": "d53588c4e435b4cfe8bcbcdcbcc94dc3"
        },
        {
          "type": "image",
          "assetId": "n8jsG71QFnC",
          "checksum": "e75615b0c29fafc9f180bfff1a2c36d9"
        },
        {
          "type": "image",
          "assetId": "x5O4z0C8tq",
          "checksum": "92814b759f5541e6e7b544e38f25a372"
        },
        {
          "type": "image",
          "assetId": "F60e03nJT3",
          "checksum": "25007657b36e085dac3a87639daf38f3"
        },
        {
          "type": "image",
          "assetId": "q3nhRn7Mr8",
          "checksum": "aa45d93e5bea524ae286d6a65200fae3"
        },
        {
          "type": "image",
          "assetId": "-6plSzCCsm",
          "checksum": "85924197cf2d3f58fcc1030ee4799aeb"
        },
        {
          "type": "image",
          "assetId": "xnOA3ZTBI",
          "checksum": "488b011a2c2ff7c2d087d064b79e19ef"
        },
        {
          "type": "image",
          "assetId": "uBks6_AsN",
          "checksum": "7d8c9c8ef19005677151a79a99d23f29"
        },
        {
          "type": "image",
          "assetId": "OM6nIcjFKz",
          "checksum": "b38d1fa074ceed4d75c3daa144d02815"
        },
        {
          "type": "image",
          "assetId": "CDgnmRrD_",
          "checksum": "c91b7ca1ac8c1e0bd6616fd05a6f47a3"
        },
        {
          "type": "image",
          "assetId": "3iJe2kqVjd",
          "checksum": "4030382626c7bf31b248f6e099f2560e"
        },
        {
          "type": "image",
          "assetId": "dU1aP50DS8",
          "checksum": "08dbd2c2cf5ec02a415d016eab6d4e97"
        },
        {
          "type": "image",
          "assetId": "MvrN8tjlQ7",
          "checksum": "9a7674640567da22f26027337cf535fe"
        },
        {
          "type": "image",
          "assetId": "1aYdYNmU7Z",
          "checksum": "2f5f1676477915e76c4a27fe66a07075"
        },
        {
          "type": "image",
          "assetId": "_ebUms6Ofy",
          "checksum": "73ea035f7f597a37b68f5a669a0df4ea"
        },
        {
          "type": "image",
          "assetId": "9meXpeHaIqU",
          "checksum": "e4e24b6bd4e17c28e78e1656c6b9266c"
        },
        {
          "type": "image",
          "assetId": "etdVNmVbayP",
          "checksum": "04d2cc8a682db07511fec04b2eb563bb"
        },
        {
          "type": "image",
          "assetId": "_fVMuNYPS",
          "checksum": "2bd1a586c4b4ae32f993950c7f853faa"
        },
        {
          "type": "image",
          "assetId": "2upFLgO6nz",
          "checksum": "9e0ffffe4d3e4b99cc3553ac9111da2a"
        },
        {
          "type": "image",
          "assetId": "c9mieMBxSN",
          "checksum": "0ec49004fdfd9b6afa1e88fc4798ba2d"
        },
        {
          "type": "image",
          "assetId": "10tm7aIRUi",
          "checksum": "daf2ed1f3be36951bc6abcf9f33e1d9a"
        },
        {
          "type": "image",
          "assetId": "DTBJWQ9XvK",
          "checksum": "0c80e6da0ef366716f5ec4418d67c6ea"
        },
        {
          "type": "image",
          "assetId": "XusEiliOq",
          "checksum": "3c9955192c8ef97a7e34e85191d5f925"
        },
        {
          "type": "image",
          "assetId": "U7XR13SSf0",
          "checksum": "0b40a4b9865d7d9f5e464eb5ddc9967d"
        },
        {
          "type": "image",
          "assetId": "F_aCWcbv1S",
          "checksum": "9b05dbc32c7c6aa60effc8fae95eb446"
        },
        {
          "type": "image",
          "assetId": "zXX5m73P6ij",
          "checksum": "258f9874587f99ac3bebcf4e0e38ea3f"
        },
        {
          "type": "image",
          "assetId": "S3E8e9cMq",
          "checksum": "9b573d26ba8bdb2e78c3dc47531b3411"
        },
        {
          "type": "image",
          "assetId": "BtheJGB_xZ",
          "checksum": "54105e5744c32796e734ba3359cbf13f"
        },
        {
          "type": "image",
          "assetId": "KHN_Gc942a",
          "checksum": "73b5e5a9b1911e0fe15ae8704cb24225"
        },
        {
          "type": "image",
          "assetId": "dsT1divy_h",
          "checksum": "3cb51b250b18fe4bc8fb77060568ae47"
        },
        {
          "type": "image",
          "assetId": "7QUNMh9AI",
          "checksum": "73c41e42f9a69fdcc8a5b7e5af3958ce"
        },
        {
          "type": "image",
          "assetId": "WLGzxTpSSE",
          "checksum": "e67355990cf14f7fc34de8ad4c79fb34"
        },
        {
          "type": "image",
          "assetId": "H3GBEXiNJ",
          "checksum": "2faf76c269768d4add76b8ec7c966d34"
        },
        {
          "type": "image",
          "assetId": "06mi0bYYP",
          "checksum": "f531d723f80a98a87eec52faa5059eb8"
        },
        {
          "type": "image",
          "assetId": "kFJWxVOME",
          "checksum": "a38fa19e75ca9a120bfa50bdb6437898"
        },
        {
          "type": "image",
          "assetId": "j-RepAGul-",
          "checksum": "da42be0c8bc03b87de04583cd2cb8c98"
        },
        {
          "type": "image",
          "assetId": "Dk4-PoHrUK",
          "checksum": "a694fb5f2c87ea4366538f2dadc3c9bf"
        },
        {
          "type": "image",
          "assetId": "CQGRZ4Lwxh7",
          "checksum": "f14baf8152c72ded497a477ffba28e83"
        },
        {
          "type": "image",
          "assetId": "9fjEakeZvCS",
          "checksum": "4ba680c92167aae4df58e5abcd3daaab"
        },
        {
          "type": "image",
          "assetId": "U_JjflvCDwC",
          "checksum": "2c4cf29edc231c505f3a712cb1946b77"
        },
        {
          "type": "image",
          "assetId": "t5Rklc_DMHc",
          "checksum": "873921e1a91d1441c861dd0255e29503"
        },
        {
          "type": "image",
          "assetId": "iIfX45FlO",
          "checksum": "91c5d17112bb30d1fb31677ac14c961b"
        },
        {
          "type": "image",
          "assetId": "ztYu1Qyn2I",
          "checksum": "a9de1f007c7393c5aaa48f2f3115ddbc"
        },
        {
          "assetId": "2zRvKQ8amGcEx1ePi9rEYj",
          "type": "projectCss",
          "checksum": "e118dc9e86618b3093ca51fbb527d4a1"
        }
      ],
      "codegenVersion": "0.0.1"
    }
  ],
  "cliVersion": "0.1.171"
}
